
Microsoft Visual Studio Solution File, Format Version 12.00
# Visual Studio Version 16
VisualStudioVersion = 16.0.31702.278
MinimumVisualStudioVersion = 10.0.40219.1
Project("{8BC9CEB8-8B4A-11D0-8D11-00A0C91BC942}") = "OSlr5", "OSlr5\OSlr5.vcxproj", "{3040F556-66FC-4C50-ABF0-499D1A63F256}"
EndProject
Global
	GlobalSection(SolutionConfigurationPlatforms) = preSolution
		Debug|x64 = Debug|x64
		Debug|x86 = Debug|x86
		Release|x64 = Release|x64
		Release|x86 = Release|x86
	EndGlobalSection
	GlobalSection(ProjectConfigurationPlatforms) = postSolution
		{3040F556-66FC-4C50-ABF0-499D1A63F256}.Debug|x64.ActiveCfg = Debug|x64
		{3040F556-66FC-4C50-ABF0-499D1A63F256}.Debug|x64.Build.0 = Debug|x64
		{3040F556-66FC-4C50-ABF0-499D1A63F256}.Debug|x86.ActiveCfg = Debug|Win32
		{3040F556-66FC-4C50-ABF0-499D1A63F256}.Debug|x86.Build.0 = Debug|Win32
		{3040F556-66FC-4C50-ABF0-499D1A63F256}.Release|x64.ActiveCfg = Release|x64
		{3040F556-66FC-4C50-ABF0-499D1A63F256}.Release|x64.Build.0 = Release|x64
		{3040F556-66FC-4C50-ABF0-499D1A63F256}.Release|x86.ActiveCfg = Release|Win32
		{3040F556-66FC-4C50-ABF0-499D1A63F256}.Release|x86.Build.0 = Release|Win32
	EndGlobalSection
	GlobalSection(SolutionProperties) = preSolution
		HideSolutionNode = FALSE
	EndGlobalSection
	GlobalSection(ExtensibilityGlobals) = postSolution
		SolutionGuid = {36FDC61B-423E-4F90-BDCB-B36109D1A93A}
	EndGlobalSection
EndGlobal
