
Microsoft Visual Studio Solution File, Format Version 12.00
# Visual Studio Version 16
VisualStudioVersion = 16.0.31702.278
MinimumVisualStudioVersion = 10.0.40219.1
Project("{8BC9CEB8-8B4A-11D0-8D11-00A0C91BC942}") = "OSlr6", "OSlr6\OSlr6.vcxproj", "{6E8137F0-9977-4479-A4D2-1EAC71F2D92F}"
EndProject
Global
	GlobalSection(SolutionConfigurationPlatforms) = preSolution
		Debug|x64 = Debug|x64
		Debug|x86 = Debug|x86
		Release|x64 = Release|x64
		Release|x86 = Release|x86
	EndGlobalSection
	GlobalSection(ProjectConfigurationPlatforms) = postSolution
		{6E8137F0-9977-4479-A4D2-1EAC71F2D92F}.Debug|x64.ActiveCfg = Debug|x64
		{6E8137F0-9977-4479-A4D2-1EAC71F2D92F}.Debug|x64.Build.0 = Debug|x64
		{6E8137F0-9977-4479-A4D2-1EAC71F2D92F}.Debug|x86.ActiveCfg = Debug|Win32
		{6E8137F0-9977-4479-A4D2-1EAC71F2D92F}.Debug|x86.Build.0 = Debug|Win32
		{6E8137F0-9977-4479-A4D2-1EAC71F2D92F}.Release|x64.ActiveCfg = Release|x64
		{6E8137F0-9977-4479-A4D2-1EAC71F2D92F}.Release|x64.Build.0 = Release|x64
		{6E8137F0-9977-4479-A4D2-1EAC71F2D92F}.Release|x86.ActiveCfg = Release|Win32
		{6E8137F0-9977-4479-A4D2-1EAC71F2D92F}.Release|x86.Build.0 = Release|Win32
	EndGlobalSection
	GlobalSection(SolutionProperties) = preSolution
		HideSolutionNode = FALSE
	EndGlobalSection
	GlobalSection(ExtensibilityGlobals) = postSolution
		SolutionGuid = {F4C7AD42-4C8E-4F66-A948-620A7E7C264A}
	EndGlobalSection
EndGlobal
